
Microsoft Visual Studio Solution File, Format Version 12.00
# Visual Studio 14
VisualStudioVersion = 14.0.25420.1
MinimumVisualStudioVersion = 10.0.40219.1
Project("{FAE04EC0-301F-11D3-BF4B-00C04F79EFBC}") = "INeed", "INeed\INeed.csproj", "{22E3B320-EC2A-4062-BCF9-01F12537344C}"
EndProject
Project("{FAE04EC0-301F-11D3-BF4B-00C04F79EFBC}") = "INeed.Core", "INeed.Core\INeed.Core.csproj", "{9B5C2BBD-D428-4EAD-BBA2-186C6C0D7AFF}"
EndProject
Global
	GlobalSection(SolutionConfigurationPlatforms) = preSolution
		Debug|Any CPU = Debug|Any CPU
		Release|Any CPU = Release|Any CPU
	EndGlobalSection
	GlobalSection(ProjectConfigurationPlatforms) = postSolution
		{22E3B320-EC2A-4062-BCF9-01F12537344C}.Debug|Any CPU.ActiveCfg = Debug|Any CPU
		{22E3B320-EC2A-4062-BCF9-01F12537344C}.Debug|Any CPU.Build.0 = Debug|Any CPU
		{22E3B320-EC2A-4062-BCF9-01F12537344C}.Release|Any CPU.ActiveCfg = Release|Any CPU
		{22E3B320-EC2A-4062-BCF9-01F12537344C}.Release|Any CPU.Build.0 = Release|Any CPU
		{9B5C2BBD-D428-4EAD-BBA2-186C6C0D7AFF}.Debug|Any CPU.ActiveCfg = Debug|Any CPU
		{9B5C2BBD-D428-4EAD-BBA2-186C6C0D7AFF}.Debug|Any CPU.Build.0 = Debug|Any CPU
		{9B5C2BBD-D428-4EAD-BBA2-186C6C0D7AFF}.Release|Any CPU.ActiveCfg = Release|Any CPU
		{9B5C2BBD-D428-4EAD-BBA2-186C6C0D7AFF}.Release|Any CPU.Build.0 = Release|Any CPU
	EndGlobalSection
	GlobalSection(SolutionProperties) = preSolution
		HideSolutionNode = FALSE
	EndGlobalSection
EndGlobal
